
Microsoft Visual Studio Solution File, Format Version 12.00
# Visual Studio Version 17
VisualStudioVersion = 17.14.37710.0
MinimumVisualStudioVersion = 10.0.40219.1
Project("{FAE04EC0-301F-11D3-BF4B-00C04F79EFBC}") = "HsmsTester.Wpf", "HsmsTester.Wpf\HsmsTester.Wpf.csproj", "{7AC9B1C8-E873-4CCF-8814-D53691050A28}"
	ProjectSection(ProjectDependencies) = postProject
		{069951EA-F02A-476A-8716-56979C88949F} = {069951EA-F02A-476A-8716-56979C88949F}
	EndProjectSection
EndProject
Project("{FAE04EC0-301F-11D3-BF4B-00C04F79EFBC}") = "HsmsTester", "HsmsTester\HsmsTester.csproj", "{069951EA-F02A-476A-8716-56979C88949F}"
EndProject
Project("{2150E333-8FDC-42A3-9474-1A3956D46DE8}") = "Solution Items", "Solution Items", "{C8D5274F-AC00-46C7-1F8D-E88E81087A52}"
	ProjectSection(SolutionItems) = preProject
		.editorconfig = .editorconfig
	EndProjectSection
EndProject
Global
	GlobalSection(SolutionConfigurationPlatforms) = preSolution
		Debug|Any CPU = Debug|Any CPU
		Release|Any CPU = Release|Any CPU
	EndGlobalSection
	GlobalSection(ProjectConfigurationPlatforms) = postSolution
		{7AC9B1C8-E873-4CCF-8814-D53691050A28}.Debug|Any CPU.ActiveCfg = Debug|Any CPU
		{7AC9B1C8-E873-4CCF-8814-D53691050A28}.Debug|Any CPU.Build.0 = Debug|Any CPU
		{7AC9B1C8-E873-4CCF-8814-D53691050A28}.Release|Any CPU.ActiveCfg = Release|Any CPU
		{7AC9B1C8-E873-4CCF-8814-D53691050A28}.Release|Any CPU.Build.0 = Release|Any CPU
		{069951EA-F02A-476A-8716-56979C88949F}.Debug|Any CPU.ActiveCfg = Debug|Any CPU
		{069951EA-F02A-476A-8716-56979C88949F}.Debug|Any CPU.Build.0 = Debug|Any CPU
		{069951EA-F02A-476A-8716-56979C88949F}.Release|Any CPU.ActiveCfg = Release|Any CPU
		{069951EA-F02A-476A-8716-56979C88949F}.Release|Any CPU.Build.0 = Release|Any CPU
	EndGlobalSection
	GlobalSection(SolutionProperties) = preSolution
		HideSolutionNode = FALSE
	EndGlobalSection
	GlobalSection(ExtensibilityGlobals) = postSolution
		SolutionGuid = {A4CFB408-0C64-4B34-A8D9-1E383E602585}
	EndGlobalSection
EndGlobal
